
Microsoft Visual Studio Solution File, Format Version 12.00
# Visual Studio Version 17
VisualStudioVersion = 17.5.33530.505
MinimumVisualStudioVersion = 10.0.40219.1
Project("{FAE04EC0-301F-11D3-BF4B-00C04F79EFBC}") = "RegistroJuegos", "RegistroJuegos.csproj", "{56C2C4D7-F012-485A-AF6B-E97767106CEB}"
EndProject
Global
	GlobalSection(SolutionConfigurationPlatforms) = preSolution
		Debug|Any CPU = Debug|Any CPU
		Release|Any CPU = Release|Any CPU
	EndGlobalSection
	GlobalSection(ProjectConfigurationPlatforms) = postSolution
		{56C2C4D7-F012-485A-AF6B-E97767106CEB}.Debug|Any CPU.ActiveCfg = Debug|Any CPU
		{56C2C4D7-F012-485A-AF6B-E97767106CEB}.Debug|Any CPU.Build.0 = Debug|Any CPU
		{56C2C4D7-F012-485A-AF6B-E97767106CEB}.Release|Any CPU.ActiveCfg = Release|Any CPU
		{56C2C4D7-F012-485A-AF6B-E97767106CEB}.Release|Any CPU.Build.0 = Release|Any CPU
	EndGlobalSection
	GlobalSection(SolutionProperties) = preSolution
		HideSolutionNode = FALSE
	EndGlobalSection
	GlobalSection(ExtensibilityGlobals) = postSolution
		SolutionGuid = {7B992D3E-A8A9-49E4-B4F8-38EB27DCE075}
	EndGlobalSection
EndGlobal
